
Microsoft Visual Studio Solution File, Format Version 12.00
# Visual Studio Version 16
VisualStudioVersion = 16.0.30804.86
MinimumVisualStudioVersion = 10.0.40219.1
Project("{FAE04EC0-301F-11D3-BF4B-00C04F79EFBC}") = "Proyecto Final 5to Semestre Web", "Proyecto Final 5to Semestre Web\Proyecto Final 5to Semestre Web.csproj", "{6486DDC5-00D5-4BAF-A22F-F22E5E6CCD10}"
EndProject
Global
	GlobalSection(SolutionConfigurationPlatforms) = preSolution
		Debug|Any CPU = Debug|Any CPU
		Release|Any CPU = Release|Any CPU
	EndGlobalSection
	GlobalSection(ProjectConfigurationPlatforms) = postSolution
		{6486DDC5-00D5-4BAF-A22F-F22E5E6CCD10}.Debug|Any CPU.ActiveCfg = Debug|Any CPU
		{6486DDC5-00D5-4BAF-A22F-F22E5E6CCD10}.Debug|Any CPU.Build.0 = Debug|Any CPU
		{6486DDC5-00D5-4BAF-A22F-F22E5E6CCD10}.Release|Any CPU.ActiveCfg = Release|Any CPU
		{6486DDC5-00D5-4BAF-A22F-F22E5E6CCD10}.Release|Any CPU.Build.0 = Release|Any CPU
	EndGlobalSection
	GlobalSection(SolutionProperties) = preSolution
		HideSolutionNode = FALSE
	EndGlobalSection
	GlobalSection(ExtensibilityGlobals) = postSolution
		SolutionGuid = {140639BB-5997-4011-BD09-3F06CFED23A9}
	EndGlobalSection
EndGlobal
